
Microsoft Visual Studio Solution File, Format Version 12.00
# Visual Studio Version 16
VisualStudioVersion = 16.0.29728.190
MinimumVisualStudioVersion = 10.0.40219.1
Project("{FAE04EC0-301F-11D3-BF4B-00C04F79EFBC}") = "eLibrary Website", "eLibrary Website.csproj", "{00C74883-FBC8-422B-BD82-38EC32B85D13}"
EndProject
Global
	GlobalSection(SolutionConfigurationPlatforms) = preSolution
		Debug|Any CPU = Debug|Any CPU
		Release|Any CPU = Release|Any CPU
	EndGlobalSection
	GlobalSection(ProjectConfigurationPlatforms) = postSolution
		{00C74883-FBC8-422B-BD82-38EC32B85D13}.Debug|Any CPU.ActiveCfg = Debug|Any CPU
		{00C74883-FBC8-422B-BD82-38EC32B85D13}.Debug|Any CPU.Build.0 = Debug|Any CPU
		{00C74883-FBC8-422B-BD82-38EC32B85D13}.Release|Any CPU.ActiveCfg = Release|Any CPU
		{00C74883-FBC8-422B-BD82-38EC32B85D13}.Release|Any CPU.Build.0 = Release|Any CPU
	EndGlobalSection
	GlobalSection(SolutionProperties) = preSolution
		HideSolutionNode = FALSE
	EndGlobalSection
	GlobalSection(ExtensibilityGlobals) = postSolution
		SolutionGuid = {5507F27D-D2A5-43E4-A448-8D5638319B01}
	EndGlobalSection
EndGlobal
